
Microsoft Visual Studio Solution File, Format Version 12.00
# Visual Studio Version 17
VisualStudioVersion = 17.4.33122.133
MinimumVisualStudioVersion = 10.0.40219.1
Project("{9A19103F-16F7-4668-BE54-9A1E7A4F7556}") = "OOPSProject", "OOPSProject\OOPSProject.csproj", "{DFF5F722-E5D3-476E-BB70-10E159DFD316}"
EndProject
Project("{9A19103F-16F7-4668-BE54-9A1E7A4F7556}") = "LogicalPrograms", "..\LogicalPrograms\LogicalPrograms\LogicalPrograms.csproj", "{0E884EF2-9FF8-4DDA-A09C-10168F430CED}"
EndProject
Global
	GlobalSection(SolutionConfigurationPlatforms) = preSolution
		Debug|Any CPU = Debug|Any CPU
		Release|Any CPU = Release|Any CPU
	EndGlobalSection
	GlobalSection(ProjectConfigurationPlatforms) = postSolution
		{DFF5F722-E5D3-476E-BB70-10E159DFD316}.Debug|Any CPU.ActiveCfg = Debug|Any CPU
		{DFF5F722-E5D3-476E-BB70-10E159DFD316}.Debug|Any CPU.Build.0 = Debug|Any CPU
		{DFF5F722-E5D3-476E-BB70-10E159DFD316}.Release|Any CPU.ActiveCfg = Release|Any CPU
		{DFF5F722-E5D3-476E-BB70-10E159DFD316}.Release|Any CPU.Build.0 = Release|Any CPU
		{0E884EF2-9FF8-4DDA-A09C-10168F430CED}.Debug|Any CPU.ActiveCfg = Debug|Any CPU
		{0E884EF2-9FF8-4DDA-A09C-10168F430CED}.Debug|Any CPU.Build.0 = Debug|Any CPU
		{0E884EF2-9FF8-4DDA-A09C-10168F430CED}.Release|Any CPU.ActiveCfg = Release|Any CPU
		{0E884EF2-9FF8-4DDA-A09C-10168F430CED}.Release|Any CPU.Build.0 = Release|Any CPU
	EndGlobalSection
	GlobalSection(SolutionProperties) = preSolution
		HideSolutionNode = FALSE
	EndGlobalSection
	GlobalSection(ExtensibilityGlobals) = postSolution
		SolutionGuid = {F29980EF-5E43-4D4F-991E-CE3E0EE98F13}
	EndGlobalSection
EndGlobal
